
Microsoft Visual Studio Solution File, Format Version 12.00
# Visual Studio 14
VisualStudioVersion = 14.0.25123.0
MinimumVisualStudioVersion = 10.0.40219.1
Project("{FAE04EC0-301F-11D3-BF4B-00C04F79EFBC}") = "RectangleProblem", "RectangleProblem\RectangleProblem.csproj", "{A2AB596E-5853-461A-9423-9AA674E41E3B}"
EndProject
Project("{FAE04EC0-301F-11D3-BF4B-00C04F79EFBC}") = "WindowsFormsApplication1", "WindowsFormsApplication1\WindowsFormsApplication1.csproj", "{33842BE4-F6AE-42D8-AA33-DD27CB730443}"
EndProject
Global
	GlobalSection(SolutionConfigurationPlatforms) = preSolution
		Debug|Any CPU = Debug|Any CPU
		Release|Any CPU = Release|Any CPU
	EndGlobalSection
	GlobalSection(ProjectConfigurationPlatforms) = postSolution
		{A2AB596E-5853-461A-9423-9AA674E41E3B}.Debug|Any CPU.ActiveCfg = Debug|Any CPU
		{A2AB596E-5853-461A-9423-9AA674E41E3B}.Debug|Any CPU.Build.0 = Debug|Any CPU
		{A2AB596E-5853-461A-9423-9AA674E41E3B}.Release|Any CPU.ActiveCfg = Release|Any CPU
		{A2AB596E-5853-461A-9423-9AA674E41E3B}.Release|Any CPU.Build.0 = Release|Any CPU
		{33842BE4-F6AE-42D8-AA33-DD27CB730443}.Debug|Any CPU.ActiveCfg = Debug|Any CPU
		{33842BE4-F6AE-42D8-AA33-DD27CB730443}.Debug|Any CPU.Build.0 = Debug|Any CPU
		{33842BE4-F6AE-42D8-AA33-DD27CB730443}.Release|Any CPU.ActiveCfg = Release|Any CPU
		{33842BE4-F6AE-42D8-AA33-DD27CB730443}.Release|Any CPU.Build.0 = Release|Any CPU
	EndGlobalSection
	GlobalSection(SolutionProperties) = preSolution
		HideSolutionNode = FALSE
	EndGlobalSection
EndGlobal
